hash: 9a0481bb824161ed9524e08d0855b8e265a16c5a22a1ff29849c12dc7619e189
updated: 2016-12-29T14:08:12.579563146+01:00
imports:
- name: github.com/restic/chunker
  version: 50428e727f50c16e1bcb3050209fc2758427a6af
- name: github.com/smartystreets/go-aws-auth
  version: 2043e6d0bb7e4c18464a7bba562acbe482e3cabd
testImports: []
