hash: 9647cc656a2b7bf026b19e0ebcccfdf595313b6500360f5514900e67b4d53470
updated: 2017-01-12T10:56:55.125994088+01:00
imports:
- name: github.com/armon/go-radix
  version: 2ac111d378579ad421cd9dd4c658505325a22536
- name: github.com/bgentry/speakeasy
  version: 2ac111d378579ad421cd9dd4c658505325a22536
- name: github.com/dchest/safefile
  version: ""
- name: github.com/hashicorp/go-uuid
  version: 64130c7a86d732268a38cb04cfbaf0cc987fda98
- name: github.com/jessevdk/go-flags
  version: ""
- name: github.com/mattn/go-isatty
  version: 2ac111d378579ad421cd9dd4c658505325a22536
- name: github.com/mitchellh/cli
  version: ""
- name: github.com/restic/chunker
  version: ""
- name: github.com/smartystreets/go-aws-auth
  version: ""
devImports: []
