hash: 18854bc32bb4776c38561618a7783440d35d68c20a4f33b6db88fca1eda0c019
updated: 2016-12-30T14:27:40.281341896+01:00
imports:
- name: github.com/dchest/safefile
  version: 855e8d98f1852d48dde521e0522408d1fe7e836a
- name: github.com/restic/chunker
  version: 50428e727f50c16e1bcb3050209fc2758427a6af
- name: github.com/smartystreets/go-aws-auth
  version: 2043e6d0bb7e4c18464a7bba562acbe482e3cabd
testImports: []
